
Microsoft Visual Studio Solution File, Format Version 12.00
# Visual Studio 15
VisualStudioVersion = 15.0.27130.2027
MinimumVisualStudioVersion = 10.0.40219.1
Project("{8BC9CEB8-8B4A-11D0-8D11-00A0C91BC942}") = "WtTest", "WtTest\WtTest.vcxproj", "{586799F9-C611-4292-B31E-168BF0423E6E}"
EndProject
Project("{2150E333-8FDC-42A3-9474-1A3956D46DE8}") = "Solution Items", "Solution Items", "{98FA1541-EE62-4958-8FF5-9A012DDD3CB8}"
	ProjectSection(SolutionItems) = preProject
		.editorconfig = .editorconfig
		LICENSE = LICENSE
	EndProjectSection
EndProject
Global
	GlobalSection(SolutionConfigurationPlatforms) = preSolution
		Debug|x64 = Debug|x64
		Debug|x86 = Debug|x86
		Release|x64 = Release|x64
		Release|x86 = Release|x86
	EndGlobalSection
	GlobalSection(ProjectConfigurationPlatforms) = postSolution
		{586799F9-C611-4292-B31E-168BF0423E6E}.Debug|x64.ActiveCfg = Debug|x64
		{586799F9-C611-4292-B31E-168BF0423E6E}.Debug|x64.Build.0 = Debug|x64
		{586799F9-C611-4292-B31E-168BF0423E6E}.Debug|x86.ActiveCfg = Debug|Win32
		{586799F9-C611-4292-B31E-168BF0423E6E}.Debug|x86.Build.0 = Debug|Win32
		{586799F9-C611-4292-B31E-168BF0423E6E}.Release|x64.ActiveCfg = Release|x64
		{586799F9-C611-4292-B31E-168BF0423E6E}.Release|x64.Build.0 = Release|x64
		{586799F9-C611-4292-B31E-168BF0423E6E}.Release|x86.ActiveCfg = Release|Win32
		{586799F9-C611-4292-B31E-168BF0423E6E}.Release|x86.Build.0 = Release|Win32
	EndGlobalSection
	GlobalSection(SolutionProperties) = preSolution
		HideSolutionNode = FALSE
	EndGlobalSection
	GlobalSection(ExtensibilityGlobals) = postSolution
		SolutionGuid = {0DDD2C62-978E-455F-918E-546703502054}
	EndGlobalSection
EndGlobal
